// !$*UTF8*$!
{
	archiveVersion = 1;
	classes = {
	};
	objectVersion = 50;
	objects = {

/* Begin PBXBuildFile section */
		5DD3A4B024C9800400DB0A7E /* OSLogStorePrinter.swift in Sources */ = {isa = PBXBuildFile; fileRef = 5DD3A4AF24C9800400DB0A7E /* OSLogStorePrinter.swift */; };
		5DD3A4B124C9800400DB0A7E /* OSLogStorePrinter.swift in Sources */ = {isa = PBXBuildFile; fileRef = 5DD3A4AF24C9800400DB0A7E /* OSLogStorePrinter.swift */; };
		5DE1726C24A5074000E23B03 /* OSLogStoreTestApp.swift in Sources */ = {isa = PBXBuildFile; fileRef = 5DE1725924A5073E00E23B03 /* OSLogStoreTestApp.swift */; };
		5DE1726D24A5074000E23B03 /* OSLogStoreTestApp.swift in Sources */ = {isa = PBXBuildFile; fileRef = 5DE1725924A5073E00E23B03 /* OSLogStoreTestApp.swift */; };
		5DE1726E24A5074000E23B03 /* ContentView.swift in Sources */ = {isa = PBXBuildFile; fileRef = 5DE1725A24A5073E00E23B03 /* ContentView.swift */; };
		5DE1726F24A5074000E23B03 /* ContentView.swift in Sources */ = {isa = PBXBuildFile; fileRef = 5DE1725A24A5073E00E23B03 /* ContentView.swift */; };
		5DE1727024A5074000E23B03 /* Assets.xcassets in Resources */ = {isa = PBXBuildFile; fileRef = 5DE1725B24A5074000E23B03 /* Assets.xcassets */; };
		5DE1727124A5074000E23B03 /* Assets.xcassets in Resources */ = {isa = PBXBuildFile; fileRef = 5DE1725B24A5074000E23B03 /* Assets.xcassets */; };
/* End PBXBuildFile section */

/* Begin PBXFileReference section */
		5DD3A4AF24C9800400DB0A7E /* OSLogStorePrinter.swift */ = {isa = PBXFileReference; lastKnownFileType = sourcecode.swift; path = OSLogStorePrinter.swift; sourceTree = "<group>"; };
		5DE1725924A5073E00E23B03 /* OSLogStoreTestApp.swift */ = {isa = PBXFileReference; lastKnownFileType = sourcecode.swift; path = OSLogStoreTestApp.swift; sourceTree = "<group>"; };
		5DE1725A24A5073E00E23B03 /* ContentView.swift */ = {isa = PBXFileReference; lastKnownFileType = sourcecode.swift; path = ContentView.swift; sourceTree = "<group>"; };
		5DE1725B24A5074000E23B03 /* Assets.xcassets */ = {isa = PBXFileReference; lastKnownFileType = folder.assetcatalog; path = Assets.xcassets; sourceTree = "<group>"; };
		5DE1726024A5074000E23B03 /* OSLogStoreTest.app */ = {isa = PBXFileReference; explicitFileType = wrapper.application; includeInIndex = 0; path = OSLogStoreTest.app; sourceTree = BUILT_PRODUCTS_DIR; };
		5DE1726324A5074000E23B03 /* Info.plist */ = {isa = PBXFileReference; lastKnownFileType = text.plist.xml; path = Info.plist; sourceTree = "<group>"; };
		5DE1726824A5074000E23B03 /* OSLogStoreTest.app */ = {isa = PBXFileReference; explicitFileType = wrapper.application; includeInIndex = 0; path = OSLogStoreTest.app; sourceTree = BUILT_PRODUCTS_DIR; };
		5DE1726A24A5074000E23B03 /* Info.plist */ = {isa = PBXFileReference; lastKnownFileType = text.plist.xml; path = Info.plist; sourceTree = "<group>"; };
		5DE1726B24A5074000E23B03 /* macOS.entitlements */ = {isa = PBXFileReference; lastKnownFileType = text.plist.entitlements; path = macOS.entitlements; sourceTree = "<group>"; };
/* End PBXFileReference section */

/* Begin PBXFrameworksBuildPhase section */
		5DE1725D24A5074000E23B03 /* Frameworks */ = {
			isa = PBXFrameworksBuildPhase;
			buildActionMask = 2147483647;
			files = (
			);
			runOnlyForDeploymentPostprocessing = 0;
		};
		5DE1726524A5074000E23B03 /* Frameworks */ = {
			isa = PBXFrameworksBuildPhase;
			buildActionMask = 2147483647;
			files = (
			);
			runOnlyForDeploymentPostprocessing = 0;
		};
/* End PBXFrameworksBuildPhase section */

/* Begin PBXGroup section */
		5DE1725324A5073E00E23B03 = {
			isa = PBXGroup;
			children = (
				5DE1725824A5073E00E23B03 /* Shared */,
				5DE1726224A5074000E23B03 /* iOS */,
				5DE1726924A5074000E23B03 /* macOS */,
				5DE1726124A5074000E23B03 /* Products */,
			);
			sourceTree = "<group>";
		};
		5DE1725824A5073E00E23B03 /* Shared */ = {
			isa = PBXGroup;
			children = (
				5DE1725924A5073E00E23B03 /* OSLogStoreTestApp.swift */,
				5DE1725A24A5073E00E23B03 /* ContentView.swift */,
				5DD3A4AF24C9800400DB0A7E /* OSLogStorePrinter.swift */,
				5DE1725B24A5074000E23B03 /* Assets.xcassets */,
			);
			path = Shared;
			sourceTree = "<group>";
		};
		5DE1726124A5074000E23B03 /* Products */ = {
			isa = PBXGroup;
			children = (
				5DE1726024A5074000E23B03 /* OSLogStoreTest.app */,
				5DE1726824A5074000E23B03 /* OSLogStoreTest.app */,
			);
			name = Products;
			sourceTree = "<group>";
		};
		5DE1726224A5074000E23B03 /* iOS */ = {
			isa = PBXGroup;
			children = (
				5DE1726324A5074000E23B03 /* Info.plist */,
			);
			path = iOS;
			sourceTree = "<group>";
		};
		5DE1726924A5074000E23B03 /* macOS */ = {
			isa = PBXGroup;
			children = (
				5DE1726A24A5074000E23B03 /* Info.plist */,
				5DE1726B24A5074000E23B03 /* macOS.entitlements */,
			);
			path = macOS;
			sourceTree = "<group>";
		};
/* End PBXGroup section */

/* Begin PBXNativeTarget section */
		5DE1725F24A5074000E23B03 /* iOS */ = {
			isa = PBXNativeTarget;
			buildConfigurationList = 5DE1727424A5074000E23B03 /* Build configuration list for PBXNativeTarget "iOS" */;
			buildPhases = (
				5DE1725C24A5074000E23B03 /* Sources */,
				5DE1725D24A5074000E23B03 /* Frameworks */,
				5DE1725E24A5074000E23B03 /* Resources */,
			);
			buildRules = (
			);
			dependencies = (
			);
			name = iOS;
			productName = iOS;
			productReference = 5DE1726024A5074000E23B03 /* OSLogStoreTest.app */;
			productType = "com.apple.product-type.application";
		};
		5DE1726724A5074000E23B03 /* macOS */ = {
			isa = PBXNativeTarget;
			buildConfigurationList = 5DE1727724A5074000E23B03 /* Build configuration list for PBXNativeTarget "macOS" */;
			buildPhases = (
				5DE1726424A5074000E23B03 /* Sources */,
				5DE1726524A5074000E23B03 /* Frameworks */,
				5DE1726624A5074000E23B03 /* Resources */,
			);
			buildRules = (
			);
			dependencies = (
			);
			name = macOS;
			productName = macOS;
			productReference = 5DE1726824A5074000E23B03 /* OSLogStoreTest.app */;
			productType = "com.apple.product-type.application";
		};
/* End PBXNativeTarget section */

/* Begin PBXProject section */
		5DE1725424A5073E00E23B03 /* Project object */ = {
			isa = PBXProject;
			attributes = {
				LastSwiftUpdateCheck = 1200;
				LastUpgradeCheck = 1200;
				TargetAttributes = {
					5DE1725F24A5074000E23B03 = {
						CreatedOnToolsVersion = 12.0;
						LastSwiftMigration = 1200;
					};
					5DE1726724A5074000E23B03 = {
						CreatedOnToolsVersion = 12.0;
						LastSwiftMigration = 1200;
					};
				};
			};
			buildConfigurationList = 5DE1725724A5073E00E23B03 /* Build configuration list for PBXProject "OSLogStoreTest" */;
			compatibilityVersion = "Xcode 9.3";
			developmentRegion = en;
			hasScannedForEncodings = 0;
			knownRegions = (
				en,
				Base,
			);
			mainGroup = 5DE1725324A5073E00E23B03;
			productRefGroup = 5DE1726124A5074000E23B03 /* Products */;
			projectDirPath = "";
			projectRoot = "";
			targets = (
				5DE1725F24A5074000E23B03 /* iOS */,
				5DE1726724A5074000E23B03 /* macOS */,
			);
		};
/* End PBXProject section */

/* Begin PBXResourcesBuildPhase section */
		5DE1725E24A5074000E23B03 /* Resources */ = {
			isa = PBXResourcesBuildPhase;
			buildActionMask = 2147483647;
			files = (
				5DE1727024A5074000E23B03 /* Assets.xcassets in Resources */,
			);
			runOnlyForDeploymentPostprocessing = 0;
		};
		5DE1726624A5074000E23B03 /* Resources */ = {
			isa = PBXResourcesBuildPhase;
			buildActionMask = 2147483647;
			files = (
				5DE1727124A5074000E23B03 /* Assets.xcassets in Resources */,
			);
			runOnlyForDeploymentPostprocessing = 0;
		};
/* End PBXResourcesBuildPhase section */

/* Begin PBXSourcesBuildPhase section */
		5DE1725C24A5074000E23B03 /* Sources */ = {
			isa = PBXSourcesBuildPhase;
			buildActionMask = 2147483647;
			files = (
				5DE1726E24A5074000E23B03 /* ContentView.swift in Sources */,
				5DE1726C24A5074000E23B03 /* OSLogStoreTestApp.swift in Sources */,
				5DD3A4B024C9800400DB0A7E /* OSLogStorePrinter.swift in Sources */,
			);
			runOnlyForDeploymentPostprocessing = 0;
		};
		5DE1726424A5074000E23B03 /* Sources */ = {
			isa = PBXSourcesBuildPhase;
			buildActionMask = 2147483647;
			files = (
				5DE1726F24A5074000E23B03 /* ContentView.swift in Sources */,
				5DE1726D24A5074000E23B03 /* OSLogStoreTestApp.swift in Sources */,
				5DD3A4B124C9800400DB0A7E /* OSLogStorePrinter.swift in Sources */,
			);
			runOnlyForDeploymentPostprocessing = 0;
		};
/* End PBXSourcesBuildPhase section */

/* Begin XCBuildConfiguration section */
		5DE1727224A5074000E23B03 /* Debug */ = {
			isa = XCBuildConfiguration;
			buildSettings = {
				ALWAYS_SEARCH_USER_PATHS = NO;
				CLANG_ANALYZER_NONNULL = YES;
				CLANG_ANALYZER_NUMBER_OBJECT_CONVERSION = YES_AGGRESSIVE;
				CLANG_CXX_LANGUAGE_STANDARD = "gnu++14";
				CLANG_CXX_LIBRARY = "libc++";
				CLANG_ENABLE_MODULES = YES;
				CLANG_ENABLE_OBJC_ARC = YES;
				CLANG_ENABLE_OBJC_WEAK = YES;
				CLANG_WARN_BLOCK_CAPTURE_AUTORELEASING = YES;
				CLANG_WARN_BOOL_CONVERSION = YES;
				CLANG_WARN_COMMA = YES;
				CLANG_WARN_CONSTANT_CONVERSION = YES;
				CLANG_WARN_DEPRECATED_OBJC_IMPLEMENTATIONS = YES;
				CLANG_WARN_DIRECT_OBJC_ISA_USAGE = YES_ERROR;
				CLANG_WARN_DOCUMENTATION_COMMENTS = YES;
				CLANG_WARN_EMPTY_BODY = YES;
				CLANG_WARN_ENUM_CONVERSION = YES;
				CLANG_WARN_INFINITE_RECURSION = YES;
				CLANG_WARN_INT_CONVERSION = YES;
				CLANG_WARN_NON_LITERAL_NULL_CONVERSION = YES;
				CLANG_WARN_OBJC_IMPLICIT_RETAIN_SELF = YES;
				CLANG_WARN_OBJC_LITERAL_CONVERSION = YES;
				CLANG_WARN_OBJC_ROOT_CLASS = YES_ERROR;
				CLANG_WARN_QUOTED_INCLUDE_IN_FRAMEWORK_HEADER = YES;
				CLANG_WARN_RANGE_LOOP_ANALYSIS = YES;
				CLANG_WARN_STRICT_PROTOTYPES = YES;
				CLANG_WARN_SUSPICIOUS_MOVE = YES;
				CLANG_WARN_UNGUARDED_AVAILABILITY = YES_AGGRESSIVE;
				CLANG_WARN_UNREACHABLE_CODE = YES;
				CLANG_WARN__DUPLICATE_METHOD_MATCH = YES;
				COPY_PHASE_STRIP = NO;
				DEBUG_INFORMATION_FORMAT = dwarf;
				ENABLE_STRICT_OBJC_MSGSEND = YES;
				ENABLE_TESTABILITY = YES;
				GCC_C_LANGUAGE_STANDARD = gnu11;
				GCC_DYNAMIC_NO_PIC = NO;
				GCC_NO_COMMON_BLOCKS = YES;
				GCC_OPTIMIZATION_LEVEL = 0;
				GCC_PREPROCESSOR_DEFINITIONS = (
					"DEBUG=1",
					"$(inherited)",
				);
				GCC_WARN_64_TO_32_BIT_CONVERSION = YES;
				GCC_WARN_ABOUT_RETURN_TYPE = YES_ERROR;
				GCC_WARN_UNDECLARED_SELECTOR = YES;
				GCC_WARN_UNINITIALIZED_AUTOS = YES_AGGRESSIVE;
				GCC_WARN_UNUSED_FUNCTION = YES;
				GCC_WARN_UNUSED_VARIABLE = YES;
				MTL_ENABLE_DEBUG_INFO = INCLUDE_SOURCE;
				MTL_FAST_MATH = YES;
				ONLY_ACTIVE_ARCH = YES;
				SWIFT_ACTIVE_COMPILATION_CONDITIONS = DEBUG;
				SWIFT_OPTIMIZATION_LEVEL = "-Onone";
			};
			name = Debug;
		};
		5DE1727324A5074000E23B03 /* Release */ = {
			isa = XCBuildConfiguration;
			buildSettings = {
				ALWAYS_SEARCH_USER_PATHS = NO;
				CLANG_ANALYZER_NONNULL = YES;
				CLANG_ANALYZER_NUMBER_OBJECT_CONVERSION = YES_AGGRESSIVE;
				CLANG_CXX_LANGUAGE_STANDARD = "gnu++14";
				CLANG_CXX_LIBRARY = "libc++";
				CLANG_ENABLE_MODULES = YES;
				CLANG_ENABLE_OBJC_ARC = YES;
				CLANG_ENABLE_OBJC_WEAK = YES;
				CLANG_WARN_BLOCK_CAPTURE_AUTORELEASING = YES;
				CLANG_WARN_BOOL_CONVERSION = YES;
				CLANG_WARN_COMMA = YES;
				CLANG_WARN_CONSTANT_CONVERSION = YES;
				CLANG_WARN_DEPRECATED_OBJC_IMPLEMENTATIONS = YES;
				CLANG_WARN_DIRECT_OBJC_ISA_USAGE = YES_ERROR;
				CLANG_WARN_DOCUMENTATION_COMMENTS = YES;
				CLANG_WARN_EMPTY_BODY = YES;
				CLANG_WARN_ENUM_CONVERSION = YES;
				CLANG_WARN_INFINITE_RECURSION = YES;
				CLANG_WARN_INT_CONVERSION = YES;
				CLANG_WARN_NON_LITERAL_NULL_CONVERSION = YES;
				CLANG_WARN_OBJC_IMPLICIT_RETAIN_SELF = YES;
				CLANG_WARN_OBJC_LITERAL_CONVERSION = YES;
				CLANG_WARN_OBJC_ROOT_CLASS = YES_ERROR;
				CLANG_WARN_QUOTED_INCLUDE_IN_FRAMEWORK_HEADER = YES;
				CLANG_WARN_RANGE_LOOP_ANALYSIS = YES;
				CLANG_WARN_STRICT_PROTOTYPES = YES;
				CLANG_WARN_SUSPICIOUS_MOVE = YES;
				CLANG_WARN_UNGUARDED_AVAILABILITY = YES_AGGRESSIVE;
				CLANG_WARN_UNREACHABLE_CODE = YES;
				CLANG_WARN__DUPLICATE_METHOD_MATCH = YES;
				COPY_PHASE_STRIP = NO;
				DEBUG_INFORMATION_FORMAT = "dwarf-with-dsym";
				ENABLE_NS_ASSERTIONS = NO;
				ENABLE_STRICT_OBJC_MSGSEND = YES;
				GCC_C_LANGUAGE_STANDARD = gnu11;
				GCC_NO_COMMON_BLOCKS = YES;
				GCC_WARN_64_TO_32_BIT_CONVERSION = YES;
				GCC_WARN_ABOUT_RETURN_TYPE = YES_ERROR;
				GCC_WARN_UNDECLARED_SELECTOR = YES;
				GCC_WARN_UNINITIALIZED_AUTOS = YES_AGGRESSIVE;
				GCC_WARN_UNUSED_FUNCTION = YES;
				GCC_WARN_UNUSED_VARIABLE = YES;
				MTL_ENABLE_DEBUG_INFO = NO;
				MTL_FAST_MATH = YES;
				SWIFT_COMPILATION_MODE = wholemodule;
				SWIFT_OPTIMIZATION_LEVEL = "-O";
			};
			name = Release;
		};
		5DE1727524A5074000E23B03 /* Debug */ = {
			isa = XCBuildConfiguration;
			buildSettings = {
				ASSETCATALOG_COMPILER_APPICON_NAME = AppIcon;
				ASSETCATALOG_COMPILER_GLOBAL_ACCENT_COLOR_NAME = AccentColor;
				CLANG_ENABLE_MODULES = YES;
				CODE_SIGN_STYLE = Automatic;
				DEVELOPMENT_TEAM = UQBP8YQ495;
				ENABLE_PREVIEWS = YES;
				INFOPLIST_FILE = iOS/Info.plist;
				IPHONEOS_DEPLOYMENT_TARGET = 14.0;
				LD_RUNPATH_SEARCH_PATHS = (
					"$(inherited)",
					"@executable_path/Frameworks",
				);
				PRODUCT_BUNDLE_IDENTIFIER = net.oleb.OSLogStoreTest;
				PRODUCT_NAME = OSLogStoreTest;
				SDKROOT = iphoneos;
				SWIFT_OPTIMIZATION_LEVEL = "-Onone";
				SWIFT_VERSION = 5.0;
				TARGETED_DEVICE_FAMILY = "1,2";
			};
			name = Debug;
		};
		5DE1727624A5074000E23B03 /* Release */ = {
			isa = XCBuildConfiguration;
			buildSettings = {
				ASSETCATALOG_COMPILER_APPICON_NAME = AppIcon;
				ASSETCATALOG_COMPILER_GLOBAL_ACCENT_COLOR_NAME = AccentColor;
				CLANG_ENABLE_MODULES = YES;
				CODE_SIGN_STYLE = Automatic;
				DEVELOPMENT_TEAM = UQBP8YQ495;
				ENABLE_PREVIEWS = YES;
				INFOPLIST_FILE = iOS/Info.plist;
				IPHONEOS_DEPLOYMENT_TARGET = 14.0;
				LD_RUNPATH_SEARCH_PATHS = (
					"$(inherited)",
					"@executable_path/Frameworks",
				);
				PRODUCT_BUNDLE_IDENTIFIER = net.oleb.OSLogStoreTest;
				PRODUCT_NAME = OSLogStoreTest;
				SDKROOT = iphoneos;
				SWIFT_VERSION = 5.0;
				TARGETED_DEVICE_FAMILY = "1,2";
				VALIDATE_PRODUCT = YES;
			};
			name = Release;
		};
		5DE1727824A5074000E23B03 /* Debug */ = {
			isa = XCBuildConfiguration;
			buildSettings = {
				ASSETCATALOG_COMPILER_APPICON_NAME = AppIcon;
				ASSETCATALOG_COMPILER_GLOBAL_ACCENT_COLOR_NAME = AccentColor;
				CLANG_ENABLE_MODULES = YES;
				CODE_SIGN_ENTITLEMENTS = macOS/macOS.entitlements;
				CODE_SIGN_STYLE = Automatic;
				COMBINE_HIDPI_IMAGES = YES;
				DEVELOPMENT_TEAM = UQBP8YQ495;
				ENABLE_HARDENED_RUNTIME = YES;
				ENABLE_PREVIEWS = YES;
				INFOPLIST_FILE = macOS/Info.plist;
				LD_RUNPATH_SEARCH_PATHS = (
					"$(inherited)",
					"@executable_path/../Frameworks",
				);
				MACOSX_DEPLOYMENT_TARGET = 10.16;
				PRODUCT_BUNDLE_IDENTIFIER = net.oleb.OSLogStoreTest;
				PRODUCT_NAME = OSLogStoreTest;
				SDKROOT = macosx;
				SWIFT_OPTIMIZATION_LEVEL = "-Onone";
				SWIFT_VERSION = 5.0;
			};
			name = Debug;
		};
		5DE1727924A5074000E23B03 /* Release */ = {
			isa = XCBuildConfiguration;
			buildSettings = {
				ASSETCATALOG_COMPILER_APPICON_NAME = AppIcon;
				ASSETCATALOG_COMPILER_GLOBAL_ACCENT_COLOR_NAME = AccentColor;
				CLANG_ENABLE_MODULES = YES;
				CODE_SIGN_ENTITLEMENTS = macOS/macOS.entitlements;
				CODE_SIGN_STYLE = Automatic;
				COMBINE_HIDPI_IMAGES = YES;
				DEVELOPMENT_TEAM = UQBP8YQ495;
				ENABLE_HARDENED_RUNTIME = YES;
				ENABLE_PREVIEWS = YES;
				INFOPLIST_FILE = macOS/Info.plist;
				LD_RUNPATH_SEARCH_PATHS = (
					"$(inherited)",
					"@executable_path/../Frameworks",
				);
				MACOSX_DEPLOYMENT_TARGET = 10.16;
				PRODUCT_BUNDLE_IDENTIFIER = net.oleb.OSLogStoreTest;
				PRODUCT_NAME = OSLogStoreTest;
				SDKROOT = macosx;
				SWIFT_VERSION = 5.0;
			};
			name = Release;
		};
/* End XCBuildConfiguration section */

/* Begin XCConfigurationList section */
		5DE1725724A5073E00E23B03 /* Build configuration list for PBXProject "OSLogStoreTest" */ = {
			isa = XCConfigurationList;
			buildConfigurations = (
				5DE1727224A5074000E23B03 /* Debug */,
				5DE1727324A5074000E23B03 /* Release */,
			);
			defaultConfigurationIsVisible = 0;
			defaultConfigurationName = Release;
		};
		5DE1727424A5074000E23B03 /* Build configuration list for PBXNativeTarget "iOS" */ = {
			isa = XCConfigurationList;
			buildConfigurations = (
				5DE1727524A5074000E23B03 /* Debug */,
				5DE1727624A5074000E23B03 /* Release */,
			);
			defaultConfigurationIsVisible = 0;
			defaultConfigurationName = Release;
		};
		5DE1727724A5074000E23B03 /* Build configuration list for PBXNativeTarget "macOS" */ = {
			isa = XCConfigurationList;
			buildConfigurations = (
				5DE1727824A5074000E23B03 /* Debug */,
				5DE1727924A5074000E23B03 /* Release */,
			);
			defaultConfigurationIsVisible = 0;
			defaultConfigurationName = Release;
		};
/* End XCConfigurationList section */
	};
	rootObject = 5DE1725424A5073E00E23B03 /* Project object */;
}
